
Microsoft Visual Studio Solution File, Format Version 12.00
# Visual Studio Version 17
VisualStudioVersion = 17.1.32328.378
MinimumVisualStudioVersion = 10.0.40219.1
Project("{FAE04EC0-301F-11D3-BF4B-00C04F79EFBC}") = "WPFApp", "WPFApp\WPFApp.csproj", "{AFE08D2C-3937-4077-A2C3-52B15EAD101F}"
EndProject
Global
	GlobalSection(SolutionConfigurationPlatforms) = preSolution
		Debug|Any CPU = Debug|Any CPU
		Release|Any CPU = Release|Any CPU
	EndGlobalSection
	GlobalSection(ProjectConfigurationPlatforms) = postSolution
		{AFE08D2C-3937-4077-A2C3-52B15EAD101F}.Debug|Any CPU.ActiveCfg = Debug|Any CPU
		{AFE08D2C-3937-4077-A2C3-52B15EAD101F}.Debug|Any CPU.Build.0 = Debug|Any CPU
		{AFE08D2C-3937-4077-A2C3-52B15EAD101F}.Release|Any CPU.ActiveCfg = Release|Any CPU
		{AFE08D2C-3937-4077-A2C3-52B15EAD101F}.Release|Any CPU.Build.0 = Release|Any CPU
	EndGlobalSection
	GlobalSection(SolutionProperties) = preSolution
		HideSolutionNode = FALSE
	EndGlobalSection
	GlobalSection(ExtensibilityGlobals) = postSolution
		SolutionGuid = {FC4C38A9-3802-44D5-BB05-DF08AC01193F}
	EndGlobalSection
EndGlobal
